
Microsoft Visual Studio Solution File, Format Version 12.00
# Visual Studio Version 16
VisualStudioVersion = 16.0.31019.35
MinimumVisualStudioVersion = 10.0.40219.1
Project("{9A19103F-16F7-4668-BE54-9A1E7A4F7556}") = "Polyakov.Search", "Polyakov.Search.csproj", "{B09B5644-655E-4F47-88C4-5595E6773CB5}"
EndProject
Global
	GlobalSection(SolutionConfigurationPlatforms) = preSolution
		Debug|Any CPU = Debug|Any CPU
		Release|Any CPU = Release|Any CPU
	EndGlobalSection
	GlobalSection(ProjectConfigurationPlatforms) = postSolution
		{B09B5644-655E-4F47-88C4-5595E6773CB5}.Debug|Any CPU.ActiveCfg = Debug|Any CPU
		{B09B5644-655E-4F47-88C4-5595E6773CB5}.Debug|Any CPU.Build.0 = Debug|Any CPU
		{B09B5644-655E-4F47-88C4-5595E6773CB5}.Release|Any CPU.ActiveCfg = Release|Any CPU
		{B09B5644-655E-4F47-88C4-5595E6773CB5}.Release|Any CPU.Build.0 = Release|Any CPU
	EndGlobalSection
	GlobalSection(SolutionProperties) = preSolution
		HideSolutionNode = FALSE
	EndGlobalSection
	GlobalSection(ExtensibilityGlobals) = postSolution
		SolutionGuid = {3C8BE443-4EB9-4A30-A4A4-09F7D15B6028}
	EndGlobalSection
EndGlobal
